
Microsoft Visual Studio Solution File, Format Version 12.00
# Visual Studio Version 17
VisualStudioVersion = 17.7.34031.279
MinimumVisualStudioVersion = 10.0.40219.1
Project("{FAE04EC0-301F-11D3-BF4B-00C04F79EFBC}") = "WPF Controller", "WPF Controller.csproj", "{9B997CAB-4207-44DC-8CA1-B369F8D03878}"
EndProject
Global
	GlobalSection(SolutionConfigurationPlatforms) = preSolution
		Debug|Any CPU = Debug|Any CPU
		Release|Any CPU = Release|Any CPU
	EndGlobalSection
	GlobalSection(ProjectConfigurationPlatforms) = postSolution
		{9B997CAB-4207-44DC-8CA1-B369F8D03878}.Debug|Any CPU.ActiveCfg = Debug|Any CPU
		{9B997CAB-4207-44DC-8CA1-B369F8D03878}.Debug|Any CPU.Build.0 = Debug|Any CPU
		{9B997CAB-4207-44DC-8CA1-B369F8D03878}.Release|Any CPU.ActiveCfg = Release|Any CPU
		{9B997CAB-4207-44DC-8CA1-B369F8D03878}.Release|Any CPU.Build.0 = Release|Any CPU
	EndGlobalSection
	GlobalSection(SolutionProperties) = preSolution
		HideSolutionNode = FALSE
	EndGlobalSection
	GlobalSection(ExtensibilityGlobals) = postSolution
		SolutionGuid = {37F7420D-BB08-4BD9-B59F-1526B7AC4C20}
	EndGlobalSection
EndGlobal
